
Microsoft Visual Studio Solution File, Format Version 12.00
# Visual Studio 2013
VisualStudioVersion = 12.0.40629.0
MinimumVisualStudioVersion = 10.0.40219.1
Project("{FAE04EC0-301F-11D3-BF4B-00C04F79EFBC}") = "NorthwindMvc5", "NorthwindMvc5\NorthwindMvc5.csproj", "{241AA447-2080-494A-B3D1-256441E010F6}"
EndProject
Project("{FAE04EC0-301F-11D3-BF4B-00C04F79EFBC}") = "NorthwindMvc5.Tests", "NorthwindMvc5.Tests\NorthwindMvc5.Tests.csproj", "{F691F281-843A-4E89-A211-A8914616890E}"
EndProject
Project("{FAE04EC0-301F-11D3-BF4B-00C04F79EFBC}") = "Northwind.Core", "Northwind.Core\Northwind.Core.csproj", "{39A1790F-BB81-4A18-A060-C664560ED028}"
EndProject
Project("{FAE04EC0-301F-11D3-BF4B-00C04F79EFBC}") = "Northwind.Core.Tests", "Northwind.Core.Tests\Northwind.Core.Tests.csproj", "{F7509DDD-D68D-4697-989D-184A99B5EFF8}"
EndProject
Project("{FAE04EC0-301F-11D3-BF4B-00C04F79EFBC}") = "NorthwindMvc5.Resources", "NorthwindMvc5.Resources\NorthwindMvc5.Resources.csproj", "{363570B1-2058-4171-91C3-81F712998394}"
EndProject
Project("{FAE04EC0-301F-11D3-BF4B-00C04F79EFBC}") = "NorthwindSpa", "NorthwindSpa\NorthwindSpa.csproj", "{2D783B15-18A6-4969-B35B-0A4D256B194F}"
EndProject
Project("{2150E333-8FDC-42A3-9474-1A3956D46DE8}") = ".nuget", ".nuget", "{AD6D4E88-D3F5-4C82-8FE8-06D34D14DE06}"
	ProjectSection(SolutionItems) = preProject
		.nuget\NuGet.Config = .nuget\NuGet.Config
		.nuget\NuGet.exe = .nuget\NuGet.exe
		.nuget\NuGet.targets = .nuget\NuGet.targets
	EndProjectSection
EndProject
Project("{FAE04EC0-301F-11D3-BF4B-00C04F79EFBC}") = "NorthwindApi", "NorthwindApi\NorthwindApi.csproj", "{902AF055-39E6-4471-AED5-1EA54F41D9E7}"
EndProject
Project("{FAE04EC0-301F-11D3-BF4B-00C04F79EFBC}") = "NorthwindApi.Tests", "NorthwindApi.Tests\NorthwindApi.Tests.csproj", "{7F9FEC6F-5E39-47B2-953E-2704BFBF1A9F}"
EndProject
Project("{FAE04EC0-301F-11D3-BF4B-00C04F79EFBC}") = "NorthwindService", "NorthwindService\NorthwindService.csproj", "{AE591CD8-ADE6-470B-8012-45C21852B646}"
EndProject
Project("{FAE04EC0-301F-11D3-BF4B-00C04F79EFBC}") = "Northwind.Core.Mocks", "Northwind.Core.Mocks\Northwind.Core.Mocks.csproj", "{278D2522-6BB1-4FC8-807D-AE11F48FD8FF}"
EndProject
Global
	GlobalSection(SolutionConfigurationPlatforms) = preSolution
		Debug|Any CPU = Debug|Any CPU
		Release|Any CPU = Release|Any CPU
	EndGlobalSection
	GlobalSection(ProjectConfigurationPlatforms) = postSolution
		{241AA447-2080-494A-B3D1-256441E010F6}.Debug|Any CPU.ActiveCfg = Debug|Any CPU
		{241AA447-2080-494A-B3D1-256441E010F6}.Debug|Any CPU.Build.0 = Debug|Any CPU
		{241AA447-2080-494A-B3D1-256441E010F6}.Release|Any CPU.ActiveCfg = Release|Any CPU
		{241AA447-2080-494A-B3D1-256441E010F6}.Release|Any CPU.Build.0 = Release|Any CPU
		{F691F281-843A-4E89-A211-A8914616890E}.Debug|Any CPU.ActiveCfg = Debug|Any CPU
		{F691F281-843A-4E89-A211-A8914616890E}.Debug|Any CPU.Build.0 = Debug|Any CPU
		{F691F281-843A-4E89-A211-A8914616890E}.Release|Any CPU.ActiveCfg = Release|Any CPU
		{F691F281-843A-4E89-A211-A8914616890E}.Release|Any CPU.Build.0 = Release|Any CPU
		{39A1790F-BB81-4A18-A060-C664560ED028}.Debug|Any CPU.ActiveCfg = Debug|Any CPU
		{39A1790F-BB81-4A18-A060-C664560ED028}.Debug|Any CPU.Build.0 = Debug|Any CPU
		{39A1790F-BB81-4A18-A060-C664560ED028}.Release|Any CPU.ActiveCfg = Release|Any CPU
		{39A1790F-BB81-4A18-A060-C664560ED028}.Release|Any CPU.Build.0 = Release|Any CPU
		{F7509DDD-D68D-4697-989D-184A99B5EFF8}.Debug|Any CPU.ActiveCfg = Debug|Any CPU
		{F7509DDD-D68D-4697-989D-184A99B5EFF8}.Debug|Any CPU.Build.0 = Debug|Any CPU
		{F7509DDD-D68D-4697-989D-184A99B5EFF8}.Release|Any CPU.ActiveCfg = Release|Any CPU
		{F7509DDD-D68D-4697-989D-184A99B5EFF8}.Release|Any CPU.Build.0 = Release|Any CPU
		{363570B1-2058-4171-91C3-81F712998394}.Debug|Any CPU.ActiveCfg = Debug|Any CPU
		{363570B1-2058-4171-91C3-81F712998394}.Debug|Any CPU.Build.0 = Debug|Any CPU
		{363570B1-2058-4171-91C3-81F712998394}.Release|Any CPU.ActiveCfg = Release|Any CPU
		{363570B1-2058-4171-91C3-81F712998394}.Release|Any CPU.Build.0 = Release|Any CPU
		{2D783B15-18A6-4969-B35B-0A4D256B194F}.Debug|Any CPU.ActiveCfg = Debug|Any CPU
		{2D783B15-18A6-4969-B35B-0A4D256B194F}.Debug|Any CPU.Build.0 = Debug|Any CPU
		{2D783B15-18A6-4969-B35B-0A4D256B194F}.Release|Any CPU.ActiveCfg = Release|Any CPU
		{2D783B15-18A6-4969-B35B-0A4D256B194F}.Release|Any CPU.Build.0 = Release|Any CPU
		{902AF055-39E6-4471-AED5-1EA54F41D9E7}.Debug|Any CPU.ActiveCfg = Debug|Any CPU
		{902AF055-39E6-4471-AED5-1EA54F41D9E7}.Debug|Any CPU.Build.0 = Debug|Any CPU
		{902AF055-39E6-4471-AED5-1EA54F41D9E7}.Release|Any CPU.ActiveCfg = Release|Any CPU
		{902AF055-39E6-4471-AED5-1EA54F41D9E7}.Release|Any CPU.Build.0 = Release|Any CPU
		{7F9FEC6F-5E39-47B2-953E-2704BFBF1A9F}.Debug|Any CPU.ActiveCfg = Debug|Any CPU
		{7F9FEC6F-5E39-47B2-953E-2704BFBF1A9F}.Debug|Any CPU.Build.0 = Debug|Any CPU
		{7F9FEC6F-5E39-47B2-953E-2704BFBF1A9F}.Release|Any CPU.ActiveCfg = Release|Any CPU
		{7F9FEC6F-5E39-47B2-953E-2704BFBF1A9F}.Release|Any CPU.Build.0 = Release|Any CPU
		{AE591CD8-ADE6-470B-8012-45C21852B646}.Debug|Any CPU.ActiveCfg = Debug|Any CPU
		{AE591CD8-ADE6-470B-8012-45C21852B646}.Debug|Any CPU.Build.0 = Debug|Any CPU
		{AE591CD8-ADE6-470B-8012-45C21852B646}.Release|Any CPU.ActiveCfg = Release|Any CPU
		{AE591CD8-ADE6-470B-8012-45C21852B646}.Release|Any CPU.Build.0 = Release|Any CPU
		{278D2522-6BB1-4FC8-807D-AE11F48FD8FF}.Debug|Any CPU.ActiveCfg = Debug|Any CPU
		{278D2522-6BB1-4FC8-807D-AE11F48FD8FF}.Debug|Any CPU.Build.0 = Debug|Any CPU
		{278D2522-6BB1-4FC8-807D-AE11F48FD8FF}.Release|Any CPU.ActiveCfg = Release|Any CPU
		{278D2522-6BB1-4FC8-807D-AE11F48FD8FF}.Release|Any CPU.Build.0 = Release|Any CPU
	EndGlobalSection
	GlobalSection(SolutionProperties) = preSolution
		HideSolutionNode = FALSE
	EndGlobalSection
EndGlobal
